
Microsoft Visual Studio Solution File, Format Version 12.00
# Visual Studio Version 16
VisualStudioVersion = 16.0.31729.503
MinimumVisualStudioVersion = 10.0.40219.1
Project("{FAE04EC0-301F-11D3-BF4B-00C04F79EFBC}") = "ParserLes", "ParserLes\ParserLes.csproj", "{7F3DE9E2-78EF-48C0-8B8A-3C2E2CFD709B}"
EndProject
Global
	GlobalSection(SolutionConfigurationPlatforms) = preSolution
		Debug|Any CPU = Debug|Any CPU
		Release|Any CPU = Release|Any CPU
	EndGlobalSection
	GlobalSection(ProjectConfigurationPlatforms) = postSolution
		{7F3DE9E2-78EF-48C0-8B8A-3C2E2CFD709B}.Debug|Any CPU.ActiveCfg = Debug|Any CPU
		{7F3DE9E2-78EF-48C0-8B8A-3C2E2CFD709B}.Debug|Any CPU.Build.0 = Debug|Any CPU
		{7F3DE9E2-78EF-48C0-8B8A-3C2E2CFD709B}.Release|Any CPU.ActiveCfg = Release|Any CPU
		{7F3DE9E2-78EF-48C0-8B8A-3C2E2CFD709B}.Release|Any CPU.Build.0 = Release|Any CPU
	EndGlobalSection
	GlobalSection(SolutionProperties) = preSolution
		HideSolutionNode = FALSE
	EndGlobalSection
	GlobalSection(ExtensibilityGlobals) = postSolution
		SolutionGuid = {AF1B782B-7557-47C5-AA88-39066B3C4A8B}
	EndGlobalSection
EndGlobal
